
Microsoft Visual Studio Solution File, Format Version 12.00
# Visual Studio Version 17
VisualStudioVersion = 17.5.33627.172
MinimumVisualStudioVersion = 10.0.40219.1
Project("{9A19103F-16F7-4668-BE54-9A1E7A4F7556}") = "lib0t", "lib0t\lib0t.csproj", "{6D5AA967-A0BD-4AD2-A90F-88FCAEE5A116}"
EndProject
Project("{9A19103F-16F7-4668-BE54-9A1E7A4F7556}") = "captcha", "captcha\captcha.csproj", "{718FB31D-9548-4FD4-B497-97068E393291}"
EndProject
Project("{9A19103F-16F7-4668-BE54-9A1E7A4F7556}") = "commands", "commands\commands.csproj", "{BEF20E5E-6B26-4387-86EE-7BE46464FFBD}"
	ProjectSection(ProjectDependencies) = postProject
		{6D5AA967-A0BD-4AD2-A90F-88FCAEE5A116} = {6D5AA967-A0BD-4AD2-A90F-88FCAEE5A116}
		{C4D28D0F-A594-4AC5-A4B6-EB98D43F4B11} = {C4D28D0F-A594-4AC5-A4B6-EB98D43F4B11}
	EndProjectSection
EndProject
Project("{9A19103F-16F7-4668-BE54-9A1E7A4F7556}") = "iconnect", "iconnect\iconnect.csproj", "{C4D28D0F-A594-4AC5-A4B6-EB98D43F4B11}"
EndProject
Project("{9A19103F-16F7-4668-BE54-9A1E7A4F7556}") = "scripting", "scripting\scripting.csproj", "{DF2133DB-256B-4A65-A752-8F568B889EDB}"
	ProjectSection(ProjectDependencies) = postProject
		{BFC44A1B-838E-40F2-9251-6C81C565CD48} = {BFC44A1B-838E-40F2-9251-6C81C565CD48}
		{C4D28D0F-A594-4AC5-A4B6-EB98D43F4B11} = {C4D28D0F-A594-4AC5-A4B6-EB98D43F4B11}
	EndProjectSection
EndProject
Project("{9A19103F-16F7-4668-BE54-9A1E7A4F7556}") = "core", "core\core.csproj", "{D0B6F732-8012-4397-809D-2057DFC46170}"
	ProjectSection(ProjectDependencies) = postProject
		{6D5AA967-A0BD-4AD2-A90F-88FCAEE5A116} = {6D5AA967-A0BD-4AD2-A90F-88FCAEE5A116}
		{718FB31D-9548-4FD4-B497-97068E393291} = {718FB31D-9548-4FD4-B497-97068E393291}
		{BEF20E5E-6B26-4387-86EE-7BE46464FFBD} = {BEF20E5E-6B26-4387-86EE-7BE46464FFBD}
		{C4D28D0F-A594-4AC5-A4B6-EB98D43F4B11} = {C4D28D0F-A594-4AC5-A4B6-EB98D43F4B11}
		{DF2133DB-256B-4A65-A752-8F568B889EDB} = {DF2133DB-256B-4A65-A752-8F568B889EDB}
	EndProjectSection
EndProject
Project("{9A19103F-16F7-4668-BE54-9A1E7A4F7556}") = "cli", "cli\cli.csproj", "{5F188AAE-E087-4B78-8F39-06B62FBCBE71}"
	ProjectSection(ProjectDependencies) = postProject
		{6D5AA967-A0BD-4AD2-A90F-88FCAEE5A116} = {6D5AA967-A0BD-4AD2-A90F-88FCAEE5A116}
		{D0B6F732-8012-4397-809D-2057DFC46170} = {D0B6F732-8012-4397-809D-2057DFC46170}
	EndProjectSection
EndProject
Project("{9A19103F-16F7-4668-BE54-9A1E7A4F7556}") = "Jurassic", "Jurassic\Jurassic.csproj", "{BFC44A1B-838E-40F2-9251-6C81C565CD48}"
EndProject
Global
	GlobalSection(SolutionConfigurationPlatforms) = preSolution
		Debug|Any CPU = Debug|Any CPU
		Debug|x86 = Debug|x86
		Release|Any CPU = Release|Any CPU
		Release|x86 = Release|x86
	EndGlobalSection
	GlobalSection(ProjectConfigurationPlatforms) = postSolution
		{6D5AA967-A0BD-4AD2-A90F-88FCAEE5A116}.Debug|Any CPU.ActiveCfg = Debug|Any CPU
		{6D5AA967-A0BD-4AD2-A90F-88FCAEE5A116}.Debug|Any CPU.Build.0 = Debug|Any CPU
		{6D5AA967-A0BD-4AD2-A90F-88FCAEE5A116}.Debug|x86.ActiveCfg = Debug|x86
		{6D5AA967-A0BD-4AD2-A90F-88FCAEE5A116}.Debug|x86.Build.0 = Debug|x86
		{6D5AA967-A0BD-4AD2-A90F-88FCAEE5A116}.Release|Any CPU.ActiveCfg = Release|Any CPU
		{6D5AA967-A0BD-4AD2-A90F-88FCAEE5A116}.Release|Any CPU.Build.0 = Release|Any CPU
		{6D5AA967-A0BD-4AD2-A90F-88FCAEE5A116}.Release|x86.ActiveCfg = Release|x86
		{6D5AA967-A0BD-4AD2-A90F-88FCAEE5A116}.Release|x86.Build.0 = Release|x86
		{718FB31D-9548-4FD4-B497-97068E393291}.Debug|Any CPU.ActiveCfg = Debug|Any CPU
		{718FB31D-9548-4FD4-B497-97068E393291}.Debug|Any CPU.Build.0 = Debug|Any CPU
		{718FB31D-9548-4FD4-B497-97068E393291}.Debug|x86.ActiveCfg = Debug|x86
		{718FB31D-9548-4FD4-B497-97068E393291}.Debug|x86.Build.0 = Debug|x86
		{718FB31D-9548-4FD4-B497-97068E393291}.Release|Any CPU.ActiveCfg = Release|Any CPU
		{718FB31D-9548-4FD4-B497-97068E393291}.Release|Any CPU.Build.0 = Release|Any CPU
		{718FB31D-9548-4FD4-B497-97068E393291}.Release|x86.ActiveCfg = Release|x86
		{718FB31D-9548-4FD4-B497-97068E393291}.Release|x86.Build.0 = Release|x86
		{BEF20E5E-6B26-4387-86EE-7BE46464FFBD}.Debug|Any CPU.ActiveCfg = Debug|Any CPU
		{BEF20E5E-6B26-4387-86EE-7BE46464FFBD}.Debug|Any CPU.Build.0 = Debug|Any CPU
		{BEF20E5E-6B26-4387-86EE-7BE46464FFBD}.Debug|x86.ActiveCfg = Debug|x86
		{BEF20E5E-6B26-4387-86EE-7BE46464FFBD}.Debug|x86.Build.0 = Debug|x86
		{BEF20E5E-6B26-4387-86EE-7BE46464FFBD}.Release|Any CPU.ActiveCfg = Release|Any CPU
		{BEF20E5E-6B26-4387-86EE-7BE46464FFBD}.Release|Any CPU.Build.0 = Release|Any CPU
		{BEF20E5E-6B26-4387-86EE-7BE46464FFBD}.Release|x86.ActiveCfg = Release|x86
		{BEF20E5E-6B26-4387-86EE-7BE46464FFBD}.Release|x86.Build.0 = Release|x86
		{C4D28D0F-A594-4AC5-A4B6-EB98D43F4B11}.Debug|Any CPU.ActiveCfg = Debug|Any CPU
		{C4D28D0F-A594-4AC5-A4B6-EB98D43F4B11}.Debug|Any CPU.Build.0 = Debug|Any CPU
		{C4D28D0F-A594-4AC5-A4B6-EB98D43F4B11}.Debug|x86.ActiveCfg = Debug|x86
		{C4D28D0F-A594-4AC5-A4B6-EB98D43F4B11}.Debug|x86.Build.0 = Debug|x86
		{C4D28D0F-A594-4AC5-A4B6-EB98D43F4B11}.Release|Any CPU.ActiveCfg = Release|Any CPU
		{C4D28D0F-A594-4AC5-A4B6-EB98D43F4B11}.Release|Any CPU.Build.0 = Release|Any CPU
		{C4D28D0F-A594-4AC5-A4B6-EB98D43F4B11}.Release|x86.ActiveCfg = Release|x86
		{C4D28D0F-A594-4AC5-A4B6-EB98D43F4B11}.Release|x86.Build.0 = Release|x86
		{DF2133DB-256B-4A65-A752-8F568B889EDB}.Debug|Any CPU.ActiveCfg = Debug|Any CPU
		{DF2133DB-256B-4A65-A752-8F568B889EDB}.Debug|Any CPU.Build.0 = Debug|Any CPU
		{DF2133DB-256B-4A65-A752-8F568B889EDB}.Debug|x86.ActiveCfg = Debug|x86
		{DF2133DB-256B-4A65-A752-8F568B889EDB}.Debug|x86.Build.0 = Debug|x86
		{DF2133DB-256B-4A65-A752-8F568B889EDB}.Release|Any CPU.ActiveCfg = Release|Any CPU
		{DF2133DB-256B-4A65-A752-8F568B889EDB}.Release|Any CPU.Build.0 = Release|Any CPU
		{DF2133DB-256B-4A65-A752-8F568B889EDB}.Release|x86.ActiveCfg = Release|x86
		{DF2133DB-256B-4A65-A752-8F568B889EDB}.Release|x86.Build.0 = Release|x86
		{D0B6F732-8012-4397-809D-2057DFC46170}.Debug|Any CPU.ActiveCfg = Debug|Any CPU
		{D0B6F732-8012-4397-809D-2057DFC46170}.Debug|Any CPU.Build.0 = Debug|Any CPU
		{D0B6F732-8012-4397-809D-2057DFC46170}.Debug|x86.ActiveCfg = Debug|x86
		{D0B6F732-8012-4397-809D-2057DFC46170}.Debug|x86.Build.0 = Debug|x86
		{D0B6F732-8012-4397-809D-2057DFC46170}.Release|Any CPU.ActiveCfg = Release|Any CPU
		{D0B6F732-8012-4397-809D-2057DFC46170}.Release|Any CPU.Build.0 = Release|Any CPU
		{D0B6F732-8012-4397-809D-2057DFC46170}.Release|x86.ActiveCfg = Release|x86
		{D0B6F732-8012-4397-809D-2057DFC46170}.Release|x86.Build.0 = Release|x86
		{5F188AAE-E087-4B78-8F39-06B62FBCBE71}.Debug|Any CPU.ActiveCfg = Debug|Any CPU
		{5F188AAE-E087-4B78-8F39-06B62FBCBE71}.Debug|Any CPU.Build.0 = Debug|Any CPU
		{5F188AAE-E087-4B78-8F39-06B62FBCBE71}.Debug|x86.ActiveCfg = Debug|x86
		{5F188AAE-E087-4B78-8F39-06B62FBCBE71}.Debug|x86.Build.0 = Debug|x86
		{5F188AAE-E087-4B78-8F39-06B62FBCBE71}.Release|Any CPU.ActiveCfg = Release|Any CPU
		{5F188AAE-E087-4B78-8F39-06B62FBCBE71}.Release|Any CPU.Build.0 = Release|Any CPU
		{5F188AAE-E087-4B78-8F39-06B62FBCBE71}.Release|x86.ActiveCfg = Release|x86
		{5F188AAE-E087-4B78-8F39-06B62FBCBE71}.Release|x86.Build.0 = Release|x86
		{BFC44A1B-838E-40F2-9251-6C81C565CD48}.Debug|Any CPU.ActiveCfg = Debug|Any CPU
		{BFC44A1B-838E-40F2-9251-6C81C565CD48}.Debug|Any CPU.Build.0 = Debug|Any CPU
		{BFC44A1B-838E-40F2-9251-6C81C565CD48}.Debug|x86.ActiveCfg = Debug|Any CPU
		{BFC44A1B-838E-40F2-9251-6C81C565CD48}.Debug|x86.Build.0 = Debug|Any CPU
		{BFC44A1B-838E-40F2-9251-6C81C565CD48}.Release|Any CPU.ActiveCfg = Release|Any CPU
		{BFC44A1B-838E-40F2-9251-6C81C565CD48}.Release|Any CPU.Build.0 = Release|Any CPU
		{BFC44A1B-838E-40F2-9251-6C81C565CD48}.Release|x86.ActiveCfg = Release|Any CPU
		{BFC44A1B-838E-40F2-9251-6C81C565CD48}.Release|x86.Build.0 = Release|Any CPU
	EndGlobalSection
	GlobalSection(SolutionProperties) = preSolution
		HideSolutionNode = FALSE
	EndGlobalSection
	GlobalSection(ExtensibilityGlobals) = postSolution
		SolutionGuid = {1405BF47-0B67-437C-B5A0-A84F8A6E728B}
	EndGlobalSection
EndGlobal
